
Microsoft Visual Studio Solution File, Format Version 10.00
# Visual C# Express 2008
Project("{FAE04EC0-301F-11D3-BF4B-00C04F79EFBC}") = "Runtime", "Source\Runtime\Runtime.csproj", "{E118515F-AF30-4F47-A1DE-6AC86F1F8F6B}"
EndProject
Project("{FAE04EC0-301F-11D3-BF4B-00C04F79EFBC}") = "Input", "Source\Input\Input.csproj", "{A84FF48F-D281-43A1-9C23-B2B6F2606D9C}"
EndProject
Project("{FAE04EC0-301F-11D3-BF4B-00C04F79EFBC}") = "Updater", "Source\Updater\Updater.csproj", "{B63BA364-35D3-4719-93B3-7FBABB368DD9}"
EndProject
Project("{FAE04EC0-301F-11D3-BF4B-00C04F79EFBC}") = "Audio", "Source\Audio\Audio.csproj", "{DE380F5C-38DF-4707-873B-0B46A85DA81A}"
EndProject
Project("{FAE04EC0-301F-11D3-BF4B-00C04F79EFBC}") = "Editor", "Source\Editor\Editor.csproj", "{3507008C-8550-46F7-9B71-524E4EBE575F}"
EndProject
Project("{FAE04EC0-301F-11D3-BF4B-00C04F79EFBC}") = "Engine", "Source\Engine\Engine.csproj", "{954732DC-151D-4838-A750-D6D0672848F0}"
EndProject
Project("{FAE04EC0-301F-11D3-BF4B-00C04F79EFBC}") = "Fusion", "Source\Fusion\Fusion.csproj", "{4D972ACE-D4F4-403F-9FAD-B426A1ECE457}"
EndProject
Project("{FAE04EC0-301F-11D3-BF4B-00C04F79EFBC}") = "Graphics", "Source\Graphics\Graphics.csproj", "{4F8038C9-A499-4355-AD3C-03E8C0872E29}"
	ProjectSection(ProjectDependencies) = postProject
		{E118515F-AF30-4F47-A1DE-6AC86F1F8F6B} = {E118515F-AF30-4F47-A1DE-6AC86F1F8F6B}
	EndProjectSection
EndProject
Project("{FAE04EC0-301F-11D3-BF4B-00C04F79EFBC}") = "Stand Alone Stub", "Source\Stand Alone Stub\Stand Alone Stub.csproj", "{1E4EB2FF-0F31-4D4A-9CAE-F70CD4FA2DFE}"
EndProject
Global
	GlobalSection(SolutionConfigurationPlatforms) = preSolution
		Debug|Any CPU = Debug|Any CPU
		Debug|Itanium = Debug|Itanium
		Debug|x64 = Debug|x64
		Debug|x86 = Debug|x86
		Profile|Any CPU = Profile|Any CPU
		Profile|Itanium = Profile|Itanium
		Profile|x64 = Profile|x64
		Profile|x86 = Profile|x86
		Release|Any CPU = Release|Any CPU
		Release|Itanium = Release|Itanium
		Release|x64 = Release|x64
		Release|x86 = Release|x86
	EndGlobalSection
	GlobalSection(ProjectConfigurationPlatforms) = postSolution
		{E118515F-AF30-4F47-A1DE-6AC86F1F8F6B}.Debug|Any CPU.ActiveCfg = Debug|Any CPU
		{E118515F-AF30-4F47-A1DE-6AC86F1F8F6B}.Debug|Any CPU.Build.0 = Debug|Any CPU
		{E118515F-AF30-4F47-A1DE-6AC86F1F8F6B}.Debug|Itanium.ActiveCfg = Debug|Itanium
		{E118515F-AF30-4F47-A1DE-6AC86F1F8F6B}.Debug|Itanium.Build.0 = Debug|Itanium
		{E118515F-AF30-4F47-A1DE-6AC86F1F8F6B}.Debug|x64.ActiveCfg = Debug|Any CPU
		{E118515F-AF30-4F47-A1DE-6AC86F1F8F6B}.Debug|x86.ActiveCfg = Debug|x86
		{E118515F-AF30-4F47-A1DE-6AC86F1F8F6B}.Debug|x86.Build.0 = Debug|x86
		{E118515F-AF30-4F47-A1DE-6AC86F1F8F6B}.Profile|Any CPU.ActiveCfg = Debug|Any CPU
		{E118515F-AF30-4F47-A1DE-6AC86F1F8F6B}.Profile|Any CPU.Build.0 = Debug|Any CPU
		{E118515F-AF30-4F47-A1DE-6AC86F1F8F6B}.Profile|Itanium.ActiveCfg = Profile|Itanium
		{E118515F-AF30-4F47-A1DE-6AC86F1F8F6B}.Profile|Itanium.Build.0 = Profile|Itanium
		{E118515F-AF30-4F47-A1DE-6AC86F1F8F6B}.Profile|x64.ActiveCfg = Profile|Itanium
		{E118515F-AF30-4F47-A1DE-6AC86F1F8F6B}.Profile|x86.ActiveCfg = Profile|x86
		{E118515F-AF30-4F47-A1DE-6AC86F1F8F6B}.Profile|x86.Build.0 = Profile|x86
		{E118515F-AF30-4F47-A1DE-6AC86F1F8F6B}.Release|Any CPU.ActiveCfg = Release|Any CPU
		{E118515F-AF30-4F47-A1DE-6AC86F1F8F6B}.Release|Any CPU.Build.0 = Release|Any CPU
		{E118515F-AF30-4F47-A1DE-6AC86F1F8F6B}.Release|Itanium.ActiveCfg = Release|Itanium
		{E118515F-AF30-4F47-A1DE-6AC86F1F8F6B}.Release|Itanium.Build.0 = Release|Itanium
		{E118515F-AF30-4F47-A1DE-6AC86F1F8F6B}.Release|x64.ActiveCfg = Release|Itanium
		{E118515F-AF30-4F47-A1DE-6AC86F1F8F6B}.Release|x86.ActiveCfg = Release|x86
		{E118515F-AF30-4F47-A1DE-6AC86F1F8F6B}.Release|x86.Build.0 = Release|x86
		{A84FF48F-D281-43A1-9C23-B2B6F2606D9C}.Debug|Any CPU.ActiveCfg = Debug|Any CPU
		{A84FF48F-D281-43A1-9C23-B2B6F2606D9C}.Debug|Any CPU.Build.0 = Debug|Any CPU
		{A84FF48F-D281-43A1-9C23-B2B6F2606D9C}.Debug|Itanium.ActiveCfg = Debug|Itanium
		{A84FF48F-D281-43A1-9C23-B2B6F2606D9C}.Debug|Itanium.Build.0 = Debug|Itanium
		{A84FF48F-D281-43A1-9C23-B2B6F2606D9C}.Debug|x64.ActiveCfg = Debug|Any CPU
		{A84FF48F-D281-43A1-9C23-B2B6F2606D9C}.Debug|x86.ActiveCfg = Debug|x86
		{A84FF48F-D281-43A1-9C23-B2B6F2606D9C}.Debug|x86.Build.0 = Debug|x86
		{A84FF48F-D281-43A1-9C23-B2B6F2606D9C}.Profile|Any CPU.ActiveCfg = Debug|Any CPU
		{A84FF48F-D281-43A1-9C23-B2B6F2606D9C}.Profile|Any CPU.Build.0 = Debug|Any CPU
		{A84FF48F-D281-43A1-9C23-B2B6F2606D9C}.Profile|Itanium.ActiveCfg = Profile|Itanium
		{A84FF48F-D281-43A1-9C23-B2B6F2606D9C}.Profile|Itanium.Build.0 = Profile|Itanium
		{A84FF48F-D281-43A1-9C23-B2B6F2606D9C}.Profile|x64.ActiveCfg = Profile|Itanium
		{A84FF48F-D281-43A1-9C23-B2B6F2606D9C}.Profile|x86.ActiveCfg = Profile|x86
		{A84FF48F-D281-43A1-9C23-B2B6F2606D9C}.Profile|x86.Build.0 = Profile|x86
		{A84FF48F-D281-43A1-9C23-B2B6F2606D9C}.Release|Any CPU.ActiveCfg = Release|Any CPU
		{A84FF48F-D281-43A1-9C23-B2B6F2606D9C}.Release|Any CPU.Build.0 = Release|Any CPU
		{A84FF48F-D281-43A1-9C23-B2B6F2606D9C}.Release|Itanium.ActiveCfg = Release|Itanium
		{A84FF48F-D281-43A1-9C23-B2B6F2606D9C}.Release|Itanium.Build.0 = Release|Itanium
		{A84FF48F-D281-43A1-9C23-B2B6F2606D9C}.Release|x64.ActiveCfg = Release|Itanium
		{A84FF48F-D281-43A1-9C23-B2B6F2606D9C}.Release|x86.ActiveCfg = Release|x86
		{A84FF48F-D281-43A1-9C23-B2B6F2606D9C}.Release|x86.Build.0 = Release|x86
		{B63BA364-35D3-4719-93B3-7FBABB368DD9}.Debug|Any CPU.ActiveCfg = Debug|Any CPU
		{B63BA364-35D3-4719-93B3-7FBABB368DD9}.Debug|Any CPU.Build.0 = Debug|Any CPU
		{B63BA364-35D3-4719-93B3-7FBABB368DD9}.Debug|Itanium.ActiveCfg = Debug|Itanium
		{B63BA364-35D3-4719-93B3-7FBABB368DD9}.Debug|Itanium.Build.0 = Debug|Itanium
		{B63BA364-35D3-4719-93B3-7FBABB368DD9}.Debug|x64.ActiveCfg = Debug|Any CPU
		{B63BA364-35D3-4719-93B3-7FBABB368DD9}.Debug|x86.ActiveCfg = Debug|x86
		{B63BA364-35D3-4719-93B3-7FBABB368DD9}.Debug|x86.Build.0 = Debug|x86
		{B63BA364-35D3-4719-93B3-7FBABB368DD9}.Profile|Any CPU.ActiveCfg = Debug|Any CPU
		{B63BA364-35D3-4719-93B3-7FBABB368DD9}.Profile|Any CPU.Build.0 = Debug|Any CPU
		{B63BA364-35D3-4719-93B3-7FBABB368DD9}.Profile|Itanium.ActiveCfg = Profile|Itanium
		{B63BA364-35D3-4719-93B3-7FBABB368DD9}.Profile|Itanium.Build.0 = Profile|Itanium
		{B63BA364-35D3-4719-93B3-7FBABB368DD9}.Profile|x64.ActiveCfg = Profile|Itanium
		{B63BA364-35D3-4719-93B3-7FBABB368DD9}.Profile|x86.ActiveCfg = Profile|x86
		{B63BA364-35D3-4719-93B3-7FBABB368DD9}.Profile|x86.Build.0 = Profile|x86
		{B63BA364-35D3-4719-93B3-7FBABB368DD9}.Release|Any CPU.ActiveCfg = Release|Any CPU
		{B63BA364-35D3-4719-93B3-7FBABB368DD9}.Release|Any CPU.Build.0 = Release|Any CPU
		{B63BA364-35D3-4719-93B3-7FBABB368DD9}.Release|Itanium.ActiveCfg = Release|Itanium
		{B63BA364-35D3-4719-93B3-7FBABB368DD9}.Release|Itanium.Build.0 = Release|Itanium
		{B63BA364-35D3-4719-93B3-7FBABB368DD9}.Release|x64.ActiveCfg = Release|Itanium
		{B63BA364-35D3-4719-93B3-7FBABB368DD9}.Release|x86.ActiveCfg = Release|x86
		{B63BA364-35D3-4719-93B3-7FBABB368DD9}.Release|x86.Build.0 = Release|x86
		{DE380F5C-38DF-4707-873B-0B46A85DA81A}.Debug|Any CPU.ActiveCfg = Debug|Any CPU
		{DE380F5C-38DF-4707-873B-0B46A85DA81A}.Debug|Any CPU.Build.0 = Debug|Any CPU
		{DE380F5C-38DF-4707-873B-0B46A85DA81A}.Debug|Itanium.ActiveCfg = Debug|Itanium
		{DE380F5C-38DF-4707-873B-0B46A85DA81A}.Debug|Itanium.Build.0 = Debug|Itanium
		{DE380F5C-38DF-4707-873B-0B46A85DA81A}.Debug|x64.ActiveCfg = Debug|Any CPU
		{DE380F5C-38DF-4707-873B-0B46A85DA81A}.Debug|x86.ActiveCfg = Debug|x86
		{DE380F5C-38DF-4707-873B-0B46A85DA81A}.Debug|x86.Build.0 = Debug|x86
		{DE380F5C-38DF-4707-873B-0B46A85DA81A}.Profile|Any CPU.ActiveCfg = Debug|Any CPU
		{DE380F5C-38DF-4707-873B-0B46A85DA81A}.Profile|Any CPU.Build.0 = Debug|Any CPU
		{DE380F5C-38DF-4707-873B-0B46A85DA81A}.Profile|Itanium.ActiveCfg = Profile|Itanium
		{DE380F5C-38DF-4707-873B-0B46A85DA81A}.Profile|Itanium.Build.0 = Profile|Itanium
		{DE380F5C-38DF-4707-873B-0B46A85DA81A}.Profile|x64.ActiveCfg = Profile|Itanium
		{DE380F5C-38DF-4707-873B-0B46A85DA81A}.Profile|x86.ActiveCfg = Profile|x86
		{DE380F5C-38DF-4707-873B-0B46A85DA81A}.Profile|x86.Build.0 = Profile|x86
		{DE380F5C-38DF-4707-873B-0B46A85DA81A}.Release|Any CPU.ActiveCfg = Release|Any CPU
		{DE380F5C-38DF-4707-873B-0B46A85DA81A}.Release|Any CPU.Build.0 = Release|Any CPU
		{DE380F5C-38DF-4707-873B-0B46A85DA81A}.Release|Itanium.ActiveCfg = Release|Itanium
		{DE380F5C-38DF-4707-873B-0B46A85DA81A}.Release|Itanium.Build.0 = Release|Itanium
		{DE380F5C-38DF-4707-873B-0B46A85DA81A}.Release|x64.ActiveCfg = Release|Itanium
		{DE380F5C-38DF-4707-873B-0B46A85DA81A}.Release|x86.ActiveCfg = Release|x86
		{DE380F5C-38DF-4707-873B-0B46A85DA81A}.Release|x86.Build.0 = Release|x86
		{3507008C-8550-46F7-9B71-524E4EBE575F}.Debug|Any CPU.ActiveCfg = Debug|Any CPU
		{3507008C-8550-46F7-9B71-524E4EBE575F}.Debug|Any CPU.Build.0 = Debug|Any CPU
		{3507008C-8550-46F7-9B71-524E4EBE575F}.Debug|Itanium.ActiveCfg = Debug|Itanium
		{3507008C-8550-46F7-9B71-524E4EBE575F}.Debug|Itanium.Build.0 = Debug|Itanium
		{3507008C-8550-46F7-9B71-524E4EBE575F}.Debug|x64.ActiveCfg = Debug|Any CPU
		{3507008C-8550-46F7-9B71-524E4EBE575F}.Debug|x64.Build.0 = Debug|Any CPU
		{3507008C-8550-46F7-9B71-524E4EBE575F}.Debug|x86.ActiveCfg = Debug|x86
		{3507008C-8550-46F7-9B71-524E4EBE575F}.Debug|x86.Build.0 = Debug|x86
		{3507008C-8550-46F7-9B71-524E4EBE575F}.Profile|Any CPU.ActiveCfg = Debug|Any CPU
		{3507008C-8550-46F7-9B71-524E4EBE575F}.Profile|Any CPU.Build.0 = Debug|Any CPU
		{3507008C-8550-46F7-9B71-524E4EBE575F}.Profile|Itanium.ActiveCfg = Profile|Itanium
		{3507008C-8550-46F7-9B71-524E4EBE575F}.Profile|Itanium.Build.0 = Profile|Itanium
		{3507008C-8550-46F7-9B71-524E4EBE575F}.Profile|x64.ActiveCfg = Profile|x86
		{3507008C-8550-46F7-9B71-524E4EBE575F}.Profile|x86.ActiveCfg = Profile|x86
		{3507008C-8550-46F7-9B71-524E4EBE575F}.Profile|x86.Build.0 = Profile|x86
		{3507008C-8550-46F7-9B71-524E4EBE575F}.Release|Any CPU.ActiveCfg = Release|Any CPU
		{3507008C-8550-46F7-9B71-524E4EBE575F}.Release|Any CPU.Build.0 = Release|Any CPU
		{3507008C-8550-46F7-9B71-524E4EBE575F}.Release|Itanium.ActiveCfg = Release|Itanium
		{3507008C-8550-46F7-9B71-524E4EBE575F}.Release|Itanium.Build.0 = Release|Itanium
		{3507008C-8550-46F7-9B71-524E4EBE575F}.Release|x64.ActiveCfg = Release|x86
		{3507008C-8550-46F7-9B71-524E4EBE575F}.Release|x86.ActiveCfg = Release|x86
		{3507008C-8550-46F7-9B71-524E4EBE575F}.Release|x86.Build.0 = Release|x86
		{954732DC-151D-4838-A750-D6D0672848F0}.Debug|Any CPU.ActiveCfg = Debug|Any CPU
		{954732DC-151D-4838-A750-D6D0672848F0}.Debug|Any CPU.Build.0 = Debug|Any CPU
		{954732DC-151D-4838-A750-D6D0672848F0}.Debug|Itanium.ActiveCfg = Debug|Itanium
		{954732DC-151D-4838-A750-D6D0672848F0}.Debug|Itanium.Build.0 = Debug|Itanium
		{954732DC-151D-4838-A750-D6D0672848F0}.Debug|x64.ActiveCfg = Debug|Any CPU
		{954732DC-151D-4838-A750-D6D0672848F0}.Debug|x86.ActiveCfg = Debug|x86
		{954732DC-151D-4838-A750-D6D0672848F0}.Debug|x86.Build.0 = Debug|x86
		{954732DC-151D-4838-A750-D6D0672848F0}.Profile|Any CPU.ActiveCfg = Debug|Any CPU
		{954732DC-151D-4838-A750-D6D0672848F0}.Profile|Any CPU.Build.0 = Debug|Any CPU
		{954732DC-151D-4838-A750-D6D0672848F0}.Profile|Itanium.ActiveCfg = Profile|Itanium
		{954732DC-151D-4838-A750-D6D0672848F0}.Profile|Itanium.Build.0 = Profile|Itanium
		{954732DC-151D-4838-A750-D6D0672848F0}.Profile|x64.ActiveCfg = Profile|Itanium
		{954732DC-151D-4838-A750-D6D0672848F0}.Profile|x86.ActiveCfg = Profile|x86
		{954732DC-151D-4838-A750-D6D0672848F0}.Profile|x86.Build.0 = Profile|x86
		{954732DC-151D-4838-A750-D6D0672848F0}.Release|Any CPU.ActiveCfg = Release|Any CPU
		{954732DC-151D-4838-A750-D6D0672848F0}.Release|Any CPU.Build.0 = Release|Any CPU
		{954732DC-151D-4838-A750-D6D0672848F0}.Release|Itanium.ActiveCfg = Release|Itanium
		{954732DC-151D-4838-A750-D6D0672848F0}.Release|Itanium.Build.0 = Release|Itanium
		{954732DC-151D-4838-A750-D6D0672848F0}.Release|x64.ActiveCfg = Release|Itanium
		{954732DC-151D-4838-A750-D6D0672848F0}.Release|x86.ActiveCfg = Release|x86
		{954732DC-151D-4838-A750-D6D0672848F0}.Release|x86.Build.0 = Release|x86
		{4D972ACE-D4F4-403F-9FAD-B426A1ECE457}.Debug|Any CPU.ActiveCfg = Debug|Any CPU
		{4D972ACE-D4F4-403F-9FAD-B426A1ECE457}.Debug|Any CPU.Build.0 = Debug|Any CPU
		{4D972ACE-D4F4-403F-9FAD-B426A1ECE457}.Debug|Itanium.ActiveCfg = Debug|Itanium
		{4D972ACE-D4F4-403F-9FAD-B426A1ECE457}.Debug|Itanium.Build.0 = Debug|Itanium
		{4D972ACE-D4F4-403F-9FAD-B426A1ECE457}.Debug|x64.ActiveCfg = Debug|Any CPU
		{4D972ACE-D4F4-403F-9FAD-B426A1ECE457}.Debug|x86.ActiveCfg = Debug|x86
		{4D972ACE-D4F4-403F-9FAD-B426A1ECE457}.Debug|x86.Build.0 = Debug|x86
		{4D972ACE-D4F4-403F-9FAD-B426A1ECE457}.Profile|Any CPU.ActiveCfg = Debug|Any CPU
		{4D972ACE-D4F4-403F-9FAD-B426A1ECE457}.Profile|Any CPU.Build.0 = Debug|Any CPU
		{4D972ACE-D4F4-403F-9FAD-B426A1ECE457}.Profile|Itanium.ActiveCfg = Profile|Itanium
		{4D972ACE-D4F4-403F-9FAD-B426A1ECE457}.Profile|Itanium.Build.0 = Profile|Itanium
		{4D972ACE-D4F4-403F-9FAD-B426A1ECE457}.Profile|x64.ActiveCfg = Profile|Itanium
		{4D972ACE-D4F4-403F-9FAD-B426A1ECE457}.Profile|x86.ActiveCfg = Profile|x86
		{4D972ACE-D4F4-403F-9FAD-B426A1ECE457}.Profile|x86.Build.0 = Profile|x86
		{4D972ACE-D4F4-403F-9FAD-B426A1ECE457}.Release|Any CPU.ActiveCfg = Release|Any CPU
		{4D972ACE-D4F4-403F-9FAD-B426A1ECE457}.Release|Any CPU.Build.0 = Release|Any CPU
		{4D972ACE-D4F4-403F-9FAD-B426A1ECE457}.Release|Itanium.ActiveCfg = Release|Itanium
		{4D972ACE-D4F4-403F-9FAD-B426A1ECE457}.Release|Itanium.Build.0 = Release|Itanium
		{4D972ACE-D4F4-403F-9FAD-B426A1ECE457}.Release|x64.ActiveCfg = Release|Itanium
		{4D972ACE-D4F4-403F-9FAD-B426A1ECE457}.Release|x86.ActiveCfg = Release|x86
		{4D972ACE-D4F4-403F-9FAD-B426A1ECE457}.Release|x86.Build.0 = Release|x86
		{4F8038C9-A499-4355-AD3C-03E8C0872E29}.Debug|Any CPU.ActiveCfg = Debug|Any CPU
		{4F8038C9-A499-4355-AD3C-03E8C0872E29}.Debug|Any CPU.Build.0 = Debug|Any CPU
		{4F8038C9-A499-4355-AD3C-03E8C0872E29}.Debug|Itanium.ActiveCfg = Debug|Itanium
		{4F8038C9-A499-4355-AD3C-03E8C0872E29}.Debug|Itanium.Build.0 = Debug|Itanium
		{4F8038C9-A499-4355-AD3C-03E8C0872E29}.Debug|x64.ActiveCfg = Debug|Any CPU
		{4F8038C9-A499-4355-AD3C-03E8C0872E29}.Debug|x86.ActiveCfg = Debug|x86
		{4F8038C9-A499-4355-AD3C-03E8C0872E29}.Debug|x86.Build.0 = Debug|x86
		{4F8038C9-A499-4355-AD3C-03E8C0872E29}.Profile|Any CPU.ActiveCfg = Debug|Any CPU
		{4F8038C9-A499-4355-AD3C-03E8C0872E29}.Profile|Any CPU.Build.0 = Debug|Any CPU
		{4F8038C9-A499-4355-AD3C-03E8C0872E29}.Profile|Itanium.ActiveCfg = Profile|Itanium
		{4F8038C9-A499-4355-AD3C-03E8C0872E29}.Profile|Itanium.Build.0 = Profile|Itanium
		{4F8038C9-A499-4355-AD3C-03E8C0872E29}.Profile|x64.ActiveCfg = Profile|Itanium
		{4F8038C9-A499-4355-AD3C-03E8C0872E29}.Profile|x86.ActiveCfg = Profile|x86
		{4F8038C9-A499-4355-AD3C-03E8C0872E29}.Profile|x86.Build.0 = Profile|x86
		{4F8038C9-A499-4355-AD3C-03E8C0872E29}.Release|Any CPU.ActiveCfg = Release|Any CPU
		{4F8038C9-A499-4355-AD3C-03E8C0872E29}.Release|Any CPU.Build.0 = Release|Any CPU
		{4F8038C9-A499-4355-AD3C-03E8C0872E29}.Release|Itanium.ActiveCfg = Release|Itanium
		{4F8038C9-A499-4355-AD3C-03E8C0872E29}.Release|Itanium.Build.0 = Release|Itanium
		{4F8038C9-A499-4355-AD3C-03E8C0872E29}.Release|x64.ActiveCfg = Release|Itanium
		{4F8038C9-A499-4355-AD3C-03E8C0872E29}.Release|x86.ActiveCfg = Release|x86
		{4F8038C9-A499-4355-AD3C-03E8C0872E29}.Release|x86.Build.0 = Release|x86
		{1E4EB2FF-0F31-4D4A-9CAE-F70CD4FA2DFE}.Debug|Any CPU.ActiveCfg = Release|Any CPU
		{1E4EB2FF-0F31-4D4A-9CAE-F70CD4FA2DFE}.Debug|Any CPU.Build.0 = Release|Any CPU
		{1E4EB2FF-0F31-4D4A-9CAE-F70CD4FA2DFE}.Debug|Itanium.ActiveCfg = Debug|Itanium
		{1E4EB2FF-0F31-4D4A-9CAE-F70CD4FA2DFE}.Debug|Itanium.Build.0 = Debug|Itanium
		{1E4EB2FF-0F31-4D4A-9CAE-F70CD4FA2DFE}.Debug|x64.ActiveCfg = Debug|Any CPU
		{1E4EB2FF-0F31-4D4A-9CAE-F70CD4FA2DFE}.Debug|x86.ActiveCfg = Debug|x86
		{1E4EB2FF-0F31-4D4A-9CAE-F70CD4FA2DFE}.Debug|x86.Build.0 = Debug|x86
		{1E4EB2FF-0F31-4D4A-9CAE-F70CD4FA2DFE}.Profile|Any CPU.ActiveCfg = Debug|Any CPU
		{1E4EB2FF-0F31-4D4A-9CAE-F70CD4FA2DFE}.Profile|Any CPU.Build.0 = Debug|Any CPU
		{1E4EB2FF-0F31-4D4A-9CAE-F70CD4FA2DFE}.Profile|Itanium.ActiveCfg = Release|Itanium
		{1E4EB2FF-0F31-4D4A-9CAE-F70CD4FA2DFE}.Profile|Itanium.Build.0 = Release|Itanium
		{1E4EB2FF-0F31-4D4A-9CAE-F70CD4FA2DFE}.Profile|x64.ActiveCfg = Release|Itanium
		{1E4EB2FF-0F31-4D4A-9CAE-F70CD4FA2DFE}.Profile|x86.ActiveCfg = Release|x86
		{1E4EB2FF-0F31-4D4A-9CAE-F70CD4FA2DFE}.Profile|x86.Build.0 = Release|x86
		{1E4EB2FF-0F31-4D4A-9CAE-F70CD4FA2DFE}.Release|Any CPU.ActiveCfg = Release|Any CPU
		{1E4EB2FF-0F31-4D4A-9CAE-F70CD4FA2DFE}.Release|Any CPU.Build.0 = Release|Any CPU
		{1E4EB2FF-0F31-4D4A-9CAE-F70CD4FA2DFE}.Release|Itanium.ActiveCfg = Release|Itanium
		{1E4EB2FF-0F31-4D4A-9CAE-F70CD4FA2DFE}.Release|Itanium.Build.0 = Release|Itanium
		{1E4EB2FF-0F31-4D4A-9CAE-F70CD4FA2DFE}.Release|x64.ActiveCfg = Release|Itanium
		{1E4EB2FF-0F31-4D4A-9CAE-F70CD4FA2DFE}.Release|x86.ActiveCfg = Release|x86
		{1E4EB2FF-0F31-4D4A-9CAE-F70CD4FA2DFE}.Release|x86.Build.0 = Release|x86
	EndGlobalSection
	GlobalSection(SolutionProperties) = preSolution
		HideSolutionNode = FALSE
	EndGlobalSection
EndGlobal
